
Microsoft Visual Studio Solution File, Format Version 12.00
# Visual Studio Version 16
VisualStudioVersion = 16.0.29926.136
MinimumVisualStudioVersion = 10.0.40219.1
Project("{FAE04EC0-301F-11D3-BF4B-00C04F79EFBC}") = "CertSSL", "PP3\CertSSL.csproj", "{0F5E78AF-2192-4281-ACAD-F2A14B104D34}"
EndProject
Project("{54435603-DBB4-11D2-8724-00A0C9A8B90C}") = "SetupCert", "SetupCert\SetupCert.vdproj", "{FFBFE0A0-5214-4A89-81A0-CD6C21ADB221}"
EndProject
Global
	GlobalSection(SolutionConfigurationPlatforms) = preSolution
		Debug|Any CPU = Debug|Any CPU
		Release|Any CPU = Release|Any CPU
	EndGlobalSection
	GlobalSection(ProjectConfigurationPlatforms) = postSolution
		{0F5E78AF-2192-4281-ACAD-F2A14B104D34}.Debug|Any CPU.ActiveCfg = Debug|Any CPU
		{0F5E78AF-2192-4281-ACAD-F2A14B104D34}.Debug|Any CPU.Build.0 = Debug|Any CPU
		{0F5E78AF-2192-4281-ACAD-F2A14B104D34}.Release|Any CPU.ActiveCfg = Release|Any CPU
		{0F5E78AF-2192-4281-ACAD-F2A14B104D34}.Release|Any CPU.Build.0 = Release|Any CPU
		{FFBFE0A0-5214-4A89-81A0-CD6C21ADB221}.Debug|Any CPU.ActiveCfg = Debug
		{FFBFE0A0-5214-4A89-81A0-CD6C21ADB221}.Release|Any CPU.ActiveCfg = Release
		{FFBFE0A0-5214-4A89-81A0-CD6C21ADB221}.Release|Any CPU.Build.0 = Release
	EndGlobalSection
	GlobalSection(SolutionProperties) = preSolution
		HideSolutionNode = FALSE
	EndGlobalSection
	GlobalSection(ExtensibilityGlobals) = postSolution
		SolutionGuid = {6CE37AFA-3ACE-4EB6-BD7C-2C50A531324E}
	EndGlobalSection
EndGlobal
